
Microsoft Visual Studio Solution File, Format Version 12.00
# Visual Studio Version 17
VisualStudioVersion = 17.9.34714.143
MinimumVisualStudioVersion = 10.0.40219.1
Project("{2150E333-8FDC-42A3-9474-1A3956D46DE8}") = "src", "src", "{B99E7C90-406C-4B5E-BE09-0954C2089C28}"
EndProject
Project("{2150E333-8FDC-42A3-9474-1A3956D46DE8}") = "test", "test", "{D60936C6-5990-4A16-8E6C-67733A77493E}"
EndProject
Project("{2150E333-8FDC-42A3-9474-1A3956D46DE8}") = "APIs", "APIs", "{06A8A7D4-0BE3-4DD3-BBA3-462F7F17F0C8}"
EndProject
Project("{2150E333-8FDC-42A3-9474-1A3956D46DE8}") = "Infrastructure", "Infrastructure", "{7C8E53C2-FEEA-4650-9F5F-68E9CD630E32}"
EndProject
Project("{2150E333-8FDC-42A3-9474-1A3956D46DE8}") = "Core", "Core", "{0E63A0DB-4AF5-45D4-A0C4-07CDE29DB481}"
EndProject
Project("{2150E333-8FDC-42A3-9474-1A3956D46DE8}") = "UI", "UI", "{CDCBB473-A7A9-45EB-B4BE-D4A312473795}"
EndProject
Project("{9A19103F-16F7-4668-BE54-9A1E7A4F7556}") = "LinkDev.Talabat.APIs", "LinkDev.Talabat.APIs\LinkDev.Talabat.APIs.csproj", "{730B1A50-0E71-4F6A-8BDB-9D8DB041BC62}"
EndProject
Project("{9A19103F-16F7-4668-BE54-9A1E7A4F7556}") = "LinkDev.Talabat.Core.Domain", "LinkDev.Talabat.Core.Domain\LinkDev.Talabat.Core.Domain.csproj", "{50F7AA2C-D2FC-4A78-B686-2A37313E0197}"
EndProject
Project("{9A19103F-16F7-4668-BE54-9A1E7A4F7556}") = "LinkDev.Talabat.Core.Application", "LinkDev.Talabat.Core.Application\LinkDev.Talabat.Core.Application.csproj", "{A6D12E6F-7AE9-4A18-A5C9-1A23D617199F}"
EndProject
Project("{9A19103F-16F7-4668-BE54-9A1E7A4F7556}") = "LinkDev.Talabat.Core.Aplication.Abstraction", "LinkDev.Talabat.Core.Aplication_Abstraction\LinkDev.Talabat.Core.Aplication.Abstraction.csproj", "{A41D13BD-56FA-43F9-83BD-944E9CA2B28F}"
EndProject
Project("{9A19103F-16F7-4668-BE54-9A1E7A4F7556}") = "LinkDev.Talabat.Infrastructure", "LinkDev.Talabat.Infrastructure\LinkDev.Talabat.Infrastructure.csproj", "{D62A6516-DF96-4C26-B2C1-D7F34F295FD6}"
EndProject
Project("{9A19103F-16F7-4668-BE54-9A1E7A4F7556}") = "LinkDev.Talabat.Infrastructure.Persistence", "LinkDev.Talabat.Infrastructure_Persistence\LinkDev.Talabat.Infrastructure.Persistence.csproj", "{B0A0D1D5-59F6-468F-A71D-71487C22EE20}"
EndProject
Project("{2150E333-8FDC-42A3-9474-1A3956D46DE8}") = "Dashboard", "Dashboard", "{544967C7-2DCF-4E4E-8C29-C9DFC2D59D8D}"
EndProject
Project("{2150E333-8FDC-42A3-9474-1A3956D46DE8}") = "Client", "Client", "{9A7C062A-22F7-411A-9CFF-BC7BA428B3DA}"
EndProject
Project("{9A19103F-16F7-4668-BE54-9A1E7A4F7556}") = "LinkDev.Talabat.Dashboard1", "LinkDev.Talabat.Dashboard1\LinkDev.Talabat.Dashboard1.csproj", "{926CE53A-6087-412D-8F56-E91EE5C01AD7}"
EndProject
Project("{FAE04EC0-301F-11D3-BF4B-00C04F79EFBC}") = "LinkDev.Talabat.APIs.Controllers", "LinkDev.Talabat.APIs.Controllers\LinkDev.Talabat.APIs.Controllers.csproj", "{F4502E0E-34DD-47EB-9871-32831F32A5C3}"
EndProject
Global
	GlobalSection(SolutionConfigurationPlatforms) = preSolution
		Debug|Any CPU = Debug|Any CPU
		Release|Any CPU = Release|Any CPU
	EndGlobalSection
	GlobalSection(ProjectConfigurationPlatforms) = postSolution
		{730B1A50-0E71-4F6A-8BDB-9D8DB041BC62}.Debug|Any CPU.ActiveCfg = Debug|Any CPU
		{730B1A50-0E71-4F6A-8BDB-9D8DB041BC62}.Debug|Any CPU.Build.0 = Debug|Any CPU
		{730B1A50-0E71-4F6A-8BDB-9D8DB041BC62}.Release|Any CPU.ActiveCfg = Release|Any CPU
		{730B1A50-0E71-4F6A-8BDB-9D8DB041BC62}.Release|Any CPU.Build.0 = Release|Any CPU
		{50F7AA2C-D2FC-4A78-B686-2A37313E0197}.Debug|Any CPU.ActiveCfg = Debug|Any CPU
		{50F7AA2C-D2FC-4A78-B686-2A37313E0197}.Debug|Any CPU.Build.0 = Debug|Any CPU
		{50F7AA2C-D2FC-4A78-B686-2A37313E0197}.Release|Any CPU.ActiveCfg = Release|Any CPU
		{50F7AA2C-D2FC-4A78-B686-2A37313E0197}.Release|Any CPU.Build.0 = Release|Any CPU
		{A6D12E6F-7AE9-4A18-A5C9-1A23D617199F}.Debug|Any CPU.ActiveCfg = Debug|Any CPU
		{A6D12E6F-7AE9-4A18-A5C9-1A23D617199F}.Debug|Any CPU.Build.0 = Debug|Any CPU
		{A6D12E6F-7AE9-4A18-A5C9-1A23D617199F}.Release|Any CPU.ActiveCfg = Release|Any CPU
		{A6D12E6F-7AE9-4A18-A5C9-1A23D617199F}.Release|Any CPU.Build.0 = Release|Any CPU
		{A41D13BD-56FA-43F9-83BD-944E9CA2B28F}.Debug|Any CPU.ActiveCfg = Debug|Any CPU
		{A41D13BD-56FA-43F9-83BD-944E9CA2B28F}.Debug|Any CPU.Build.0 = Debug|Any CPU
		{A41D13BD-56FA-43F9-83BD-944E9CA2B28F}.Release|Any CPU.ActiveCfg = Release|Any CPU
		{A41D13BD-56FA-43F9-83BD-944E9CA2B28F}.Release|Any CPU.Build.0 = Release|Any CPU
		{D62A6516-DF96-4C26-B2C1-D7F34F295FD6}.Debug|Any CPU.ActiveCfg = Debug|Any CPU
		{D62A6516-DF96-4C26-B2C1-D7F34F295FD6}.Debug|Any CPU.Build.0 = Debug|Any CPU
		{D62A6516-DF96-4C26-B2C1-D7F34F295FD6}.Release|Any CPU.ActiveCfg = Release|Any CPU
		{D62A6516-DF96-4C26-B2C1-D7F34F295FD6}.Release|Any CPU.Build.0 = Release|Any CPU
		{B0A0D1D5-59F6-468F-A71D-71487C22EE20}.Debug|Any CPU.ActiveCfg = Debug|Any CPU
		{B0A0D1D5-59F6-468F-A71D-71487C22EE20}.Debug|Any CPU.Build.0 = Debug|Any CPU
		{B0A0D1D5-59F6-468F-A71D-71487C22EE20}.Release|Any CPU.ActiveCfg = Release|Any CPU
		{B0A0D1D5-59F6-468F-A71D-71487C22EE20}.Release|Any CPU.Build.0 = Release|Any CPU
		{926CE53A-6087-412D-8F56-E91EE5C01AD7}.Debug|Any CPU.ActiveCfg = Debug|Any CPU
		{926CE53A-6087-412D-8F56-E91EE5C01AD7}.Debug|Any CPU.Build.0 = Debug|Any CPU
		{926CE53A-6087-412D-8F56-E91EE5C01AD7}.Release|Any CPU.ActiveCfg = Release|Any CPU
		{926CE53A-6087-412D-8F56-E91EE5C01AD7}.Release|Any CPU.Build.0 = Release|Any CPU
		{F4502E0E-34DD-47EB-9871-32831F32A5C3}.Debug|Any CPU.ActiveCfg = Debug|Any CPU
		{F4502E0E-34DD-47EB-9871-32831F32A5C3}.Debug|Any CPU.Build.0 = Debug|Any CPU
		{F4502E0E-34DD-47EB-9871-32831F32A5C3}.Release|Any CPU.ActiveCfg = Release|Any CPU
		{F4502E0E-34DD-47EB-9871-32831F32A5C3}.Release|Any CPU.Build.0 = Release|Any CPU
	EndGlobalSection
	GlobalSection(SolutionProperties) = preSolution
		HideSolutionNode = FALSE
	EndGlobalSection
	GlobalSection(NestedProjects) = preSolution
		{06A8A7D4-0BE3-4DD3-BBA3-462F7F17F0C8} = {B99E7C90-406C-4B5E-BE09-0954C2089C28}
		{7C8E53C2-FEEA-4650-9F5F-68E9CD630E32} = {B99E7C90-406C-4B5E-BE09-0954C2089C28}
		{0E63A0DB-4AF5-45D4-A0C4-07CDE29DB481} = {B99E7C90-406C-4B5E-BE09-0954C2089C28}
		{CDCBB473-A7A9-45EB-B4BE-D4A312473795} = {B99E7C90-406C-4B5E-BE09-0954C2089C28}
		{730B1A50-0E71-4F6A-8BDB-9D8DB041BC62} = {06A8A7D4-0BE3-4DD3-BBA3-462F7F17F0C8}
		{50F7AA2C-D2FC-4A78-B686-2A37313E0197} = {0E63A0DB-4AF5-45D4-A0C4-07CDE29DB481}
		{A6D12E6F-7AE9-4A18-A5C9-1A23D617199F} = {0E63A0DB-4AF5-45D4-A0C4-07CDE29DB481}
		{A41D13BD-56FA-43F9-83BD-944E9CA2B28F} = {0E63A0DB-4AF5-45D4-A0C4-07CDE29DB481}
		{D62A6516-DF96-4C26-B2C1-D7F34F295FD6} = {7C8E53C2-FEEA-4650-9F5F-68E9CD630E32}
		{B0A0D1D5-59F6-468F-A71D-71487C22EE20} = {7C8E53C2-FEEA-4650-9F5F-68E9CD630E32}
		{544967C7-2DCF-4E4E-8C29-C9DFC2D59D8D} = {CDCBB473-A7A9-45EB-B4BE-D4A312473795}
		{9A7C062A-22F7-411A-9CFF-BC7BA428B3DA} = {CDCBB473-A7A9-45EB-B4BE-D4A312473795}
		{926CE53A-6087-412D-8F56-E91EE5C01AD7} = {544967C7-2DCF-4E4E-8C29-C9DFC2D59D8D}
		{F4502E0E-34DD-47EB-9871-32831F32A5C3} = {06A8A7D4-0BE3-4DD3-BBA3-462F7F17F0C8}
	EndGlobalSection
	GlobalSection(ExtensibilityGlobals) = postSolution
		SolutionGuid = {EFDF836D-0794-4F47-A3C9-C86E47E4EC35}
	EndGlobalSection
EndGlobal
